// !$*UTF8*$!
{
	archiveVersion = 1;
	classes = {
	};
	objectVersion = 77;
	objects = {

/* Begin PBXBuildFile section */
		D2EAF4732DC039FD006AD39A /* README.org in Resources */ = {isa = PBXBuildFile; fileRef = D2EAF4722DC039FD006AD39A /* README.org */; };
/* End PBXBuildFile section */

/* Begin PBXContainerItemProxy section */
		D2A167032DBAF91400D0C96A /* PBXContainerItemProxy */ = {
			isa = PBXContainerItemProxy;
			containerPortal = D2A166ED2DBAF90600D0C96A /* Project object */;
			proxyType = 1;
			remoteGlobalIDString = D2A166F42DBAF90600D0C96A;
			remoteInfo = "Shut The Box";
		};
		D2A1670D2DBAF91400D0C96A /* PBXContainerItemProxy */ = {
			isa = PBXContainerItemProxy;
			containerPortal = D2A166ED2DBAF90600D0C96A /* Project object */;
			proxyType = 1;
			remoteGlobalIDString = D2A166F42DBAF90600D0C96A;
			remoteInfo = "Shut The Box";
		};
/* End PBXContainerItemProxy section */

/* Begin PBXFileReference section */
		D2A166F52DBAF90600D0C96A /* Shut The Box.app */ = {isa = PBXFileReference; explicitFileType = wrapper.application; includeInIndex = 0; path = "Shut The Box.app"; sourceTree = BUILT_PRODUCTS_DIR; };
		D2A167022DBAF91400D0C96A /* Shut The BoxTests.xctest */ = {isa = PBXFileReference; explicitFileType = wrapper.cfbundle; includeInIndex = 0; path = "Shut The BoxTests.xctest"; sourceTree = BUILT_PRODUCTS_DIR; };
		D2A1670C2DBAF91400D0C96A /* Shut The BoxUITests.xctest */ = {isa = PBXFileReference; explicitFileType = wrapper.cfbundle; includeInIndex = 0; path = "Shut The BoxUITests.xctest"; sourceTree = BUILT_PRODUCTS_DIR; };
		D2EAF4722DC039FD006AD39A /* README.org */ = {isa = PBXFileReference; lastKnownFileType = text; path = README.org; sourceTree = "<group>"; };
/* End PBXFileReference section */

/* Begin PBXFileSystemSynchronizedRootGroup section */
		D2A166F72DBAF90600D0C96A /* Shut The Box */ = {
			isa = PBXFileSystemSynchronizedRootGroup;
			path = "Shut The Box";
			sourceTree = "<group>";
		};
		D2A167052DBAF91400D0C96A /* Shut The BoxTests */ = {
			isa = PBXFileSystemSynchronizedRootGroup;
			path = "Shut The BoxTests";
			sourceTree = "<group>";
		};
		D2A1670F2DBAF91400D0C96A /* Shut The BoxUITests */ = {
			isa = PBXFileSystemSynchronizedRootGroup;
			path = "Shut The BoxUITests";
			sourceTree = "<group>";
		};
/* End PBXFileSystemSynchronizedRootGroup section */

/* Begin PBXFrameworksBuildPhase section */
		D2A166F22DBAF90600D0C96A /* Frameworks */ = {
			isa = PBXFrameworksBuildPhase;
			buildActionMask = 2147483647;
			files = (
			);
			runOnlyForDeploymentPostprocessing = 0;
		};
		D2A166FF2DBAF91400D0C96A /* Frameworks */ = {
			isa = PBXFrameworksBuildPhase;
			buildActionMask = 2147483647;
			files = (
			);
			runOnlyForDeploymentPostprocessing = 0;
		};
		D2A167092DBAF91400D0C96A /* Frameworks */ = {
			isa = PBXFrameworksBuildPhase;
			buildActionMask = 2147483647;
			files = (
			);
			runOnlyForDeploymentPostprocessing = 0;
		};
/* End PBXFrameworksBuildPhase section */

/* Begin PBXGroup section */
		D2A166EC2DBAF90500D0C96A = {
			isa = PBXGroup;
			children = (
				D2EAF4722DC039FD006AD39A /* README.org */,
				D2A166F72DBAF90600D0C96A /* Shut The Box */,
				D2A167052DBAF91400D0C96A /* Shut The BoxTests */,
				D2A1670F2DBAF91400D0C96A /* Shut The BoxUITests */,
				D2A166F62DBAF90600D0C96A /* Products */,
			);
			sourceTree = "<group>";
		};
		D2A166F62DBAF90600D0C96A /* Products */ = {
			isa = PBXGroup;
			children = (
				D2A166F52DBAF90600D0C96A /* Shut The Box.app */,
				D2A167022DBAF91400D0C96A /* Shut The BoxTests.xctest */,
				D2A1670C2DBAF91400D0C96A /* Shut The BoxUITests.xctest */,
			);
			name = Products;
			sourceTree = "<group>";
		};
/* End PBXGroup section */

/* Begin PBXNativeTarget section */
		D2A166F42DBAF90600D0C96A /* Shut The Box */ = {
			isa = PBXNativeTarget;
			buildConfigurationList = D2A167162DBAF91400D0C96A /* Build configuration list for PBXNativeTarget "Shut The Box" */;
			buildPhases = (
				D2A166F12DBAF90600D0C96A /* Sources */,
				D2A166F22DBAF90600D0C96A /* Frameworks */,
				D2A166F32DBAF90600D0C96A /* Resources */,
			);
			buildRules = (
			);
			dependencies = (
			);
			fileSystemSynchronizedGroups = (
				D2A166F72DBAF90600D0C96A /* Shut The Box */,
			);
			name = "Shut The Box";
			packageProductDependencies = (
			);
			productName = "Shut The Box";
			productReference = D2A166F52DBAF90600D0C96A /* Shut The Box.app */;
			productType = "com.apple.product-type.application";
		};
		D2A167012DBAF91400D0C96A /* Shut The BoxTests */ = {
			isa = PBXNativeTarget;
			buildConfigurationList = D2A167192DBAF91400D0C96A /* Build configuration list for PBXNativeTarget "Shut The BoxTests" */;
			buildPhases = (
				D2A166FE2DBAF91400D0C96A /* Sources */,
				D2A166FF2DBAF91400D0C96A /* Frameworks */,
				D2A167002DBAF91400D0C96A /* Resources */,
			);
			buildRules = (
			);
			dependencies = (
				D2A167042DBAF91400D0C96A /* PBXTargetDependency */,
			);
			fileSystemSynchronizedGroups = (
				D2A167052DBAF91400D0C96A /* Shut The BoxTests */,
			);
			name = "Shut The BoxTests";
			packageProductDependencies = (
			);
			productName = "Shut The BoxTests";
			productReference = D2A167022DBAF91400D0C96A /* Shut The BoxTests.xctest */;
			productType = "com.apple.product-type.bundle.unit-test";
		};
		D2A1670B2DBAF91400D0C96A /* Shut The BoxUITests */ = {
			isa = PBXNativeTarget;
			buildConfigurationList = D2A1671C2DBAF91400D0C96A /* Build configuration list for PBXNativeTarget "Shut The BoxUITests" */;
			buildPhases = (
				D2A167082DBAF91400D0C96A /* Sources */,
				D2A167092DBAF91400D0C96A /* Frameworks */,
				D2A1670A2DBAF91400D0C96A /* Resources */,
			);
			buildRules = (
			);
			dependencies = (
				D2A1670E2DBAF91400D0C96A /* PBXTargetDependency */,
			);
			fileSystemSynchronizedGroups = (
				D2A1670F2DBAF91400D0C96A /* Shut The BoxUITests */,
			);
			name = "Shut The BoxUITests";
			packageProductDependencies = (
			);
			productName = "Shut The BoxUITests";
			productReference = D2A1670C2DBAF91400D0C96A /* Shut The BoxUITests.xctest */;
			productType = "com.apple.product-type.bundle.ui-testing";
		};
/* End PBXNativeTarget section */

/* Begin PBXProject section */
		D2A166ED2DBAF90600D0C96A /* Project object */ = {
			isa = PBXProject;
			attributes = {
				BuildIndependentTargetsInParallel = 1;
				LastSwiftUpdateCheck = 1630;
				LastUpgradeCheck = 1630;
				TargetAttributes = {
					D2A166F42DBAF90600D0C96A = {
						CreatedOnToolsVersion = 16.3;
					};
					D2A167012DBAF91400D0C96A = {
						CreatedOnToolsVersion = 16.3;
						TestTargetID = D2A166F42DBAF90600D0C96A;
					};
					D2A1670B2DBAF91400D0C96A = {
						CreatedOnToolsVersion = 16.3;
						TestTargetID = D2A166F42DBAF90600D0C96A;
					};
				};
			};
			buildConfigurationList = D2A166F02DBAF90600D0C96A /* Build configuration list for PBXProject "Shut The Box" */;
			developmentRegion = en;
			hasScannedForEncodings = 0;
			knownRegions = (
				en,
				Base,
			);
			mainGroup = D2A166EC2DBAF90500D0C96A;
			minimizedProjectReferenceProxies = 1;
			preferredProjectObjectVersion = 77;
			productRefGroup = D2A166F62DBAF90600D0C96A /* Products */;
			projectDirPath = "";
			projectRoot = "";
			targets = (
				D2A166F42DBAF90600D0C96A /* Shut The Box */,
				D2A167012DBAF91400D0C96A /* Shut The BoxTests */,
				D2A1670B2DBAF91400D0C96A /* Shut The BoxUITests */,
			);
		};
/* End PBXProject section */

/* Begin PBXResourcesBuildPhase section */
		D2A166F32DBAF90600D0C96A /* Resources */ = {
			isa = PBXResourcesBuildPhase;
			buildActionMask = 2147483647;
			files = (
				D2EAF4732DC039FD006AD39A /* README.org in Resources */,
			);
			runOnlyForDeploymentPostprocessing = 0;
		};
		D2A167002DBAF91400D0C96A /* Resources */ = {
			isa = PBXResourcesBuildPhase;
			buildActionMask = 2147483647;
			files = (
			);
			runOnlyForDeploymentPostprocessing = 0;
		};
		D2A1670A2DBAF91400D0C96A /* Resources */ = {
			isa = PBXResourcesBuildPhase;
			buildActionMask = 2147483647;
			files = (
			);
			runOnlyForDeploymentPostprocessing = 0;
		};
/* End PBXResourcesBuildPhase section */

/* Begin PBXSourcesBuildPhase section */
		D2A166F12DBAF90600D0C96A /* Sources */ = {
			isa = PBXSourcesBuildPhase;
			buildActionMask = 2147483647;
			files = (
			);
			runOnlyForDeploymentPostprocessing = 0;
		};
		D2A166FE2DBAF91400D0C96A /* Sources */ = {
			isa = PBXSourcesBuildPhase;
			buildActionMask = 2147483647;
			files = (
			);
			runOnlyForDeploymentPostprocessing = 0;
		};
		D2A167082DBAF91400D0C96A /* Sources */ = {
			isa = PBXSourcesBuildPhase;
			buildActionMask = 2147483647;
			files = (
			);
			runOnlyForDeploymentPostprocessing = 0;
		};
/* End PBXSourcesBuildPhase section */

/* Begin PBXTargetDependency section */
		D2A167042DBAF91400D0C96A /* PBXTargetDependency */ = {
			isa = PBXTargetDependency;
			target = D2A166F42DBAF90600D0C96A /* Shut The Box */;
			targetProxy = D2A167032DBAF91400D0C96A /* PBXContainerItemProxy */;
		};
		D2A1670E2DBAF91400D0C96A /* PBXTargetDependency */ = {
			isa = PBXTargetDependency;
			target = D2A166F42DBAF90600D0C96A /* Shut The Box */;
			targetProxy = D2A1670D2DBAF91400D0C96A /* PBXContainerItemProxy */;
		};
/* End PBXTargetDependency section */

/* Begin XCBuildConfiguration section */
		D2A167142DBAF91400D0C96A /* Debug */ = {
			isa = XCBuildConfiguration;
			buildSettings = {
				ALWAYS_SEARCH_USER_PATHS = NO;
				ASSETCATALOG_COMPILER_GENERATE_SWIFT_ASSET_SYMBOL_EXTENSIONS = YES;
				CLANG_ANALYZER_NONNULL = YES;
				CLANG_ANALYZER_NUMBER_OBJECT_CONVERSION = YES_AGGRESSIVE;
				CLANG_CXX_LANGUAGE_STANDARD = "gnu++20";
				CLANG_ENABLE_MODULES = YES;
				CLANG_ENABLE_OBJC_ARC = YES;
				CLANG_ENABLE_OBJC_WEAK = YES;
				CLANG_WARN_BLOCK_CAPTURE_AUTORELEASING = YES;
				CLANG_WARN_BOOL_CONVERSION = YES;
				CLANG_WARN_COMMA = YES;
				CLANG_WARN_CONSTANT_CONVERSION = YES;
				CLANG_WARN_DEPRECATED_OBJC_IMPLEMENTATIONS = YES;
				CLANG_WARN_DIRECT_OBJC_ISA_USAGE = YES_ERROR;
				CLANG_WARN_DOCUMENTATION_COMMENTS = YES;
				CLANG_WARN_EMPTY_BODY = YES;
				CLANG_WARN_ENUM_CONVERSION = YES;
				CLANG_WARN_INFINITE_RECURSION = YES;
				CLANG_WARN_INT_CONVERSION = YES;
				CLANG_WARN_NON_LITERAL_NULL_CONVERSION = YES;
				CLANG_WARN_OBJC_IMPLICIT_RETAIN_SELF = YES;
				CLANG_WARN_OBJC_LITERAL_CONVERSION = YES;
				CLANG_WARN_OBJC_ROOT_CLASS = YES_ERROR;
				CLANG_WARN_QUOTED_INCLUDE_IN_FRAMEWORK_HEADER = YES;
				CLANG_WARN_RANGE_LOOP_ANALYSIS = YES;
				CLANG_WARN_STRICT_PROTOTYPES = YES;
				CLANG_WARN_SUSPICIOUS_MOVE = YES;
				CLANG_WARN_UNGUARDED_AVAILABILITY = YES_AGGRESSIVE;
				CLANG_WARN_UNREACHABLE_CODE = YES;
				CLANG_WARN__DUPLICATE_METHOD_MATCH = YES;
				COPY_PHASE_STRIP = NO;
				DEBUG_INFORMATION_FORMAT = dwarf;
				DEVELOPMENT_TEAM = 5Y5WLA6579;
				ENABLE_STRICT_OBJC_MSGSEND = YES;
				ENABLE_TESTABILITY = YES;
				ENABLE_USER_SCRIPT_SANDBOXING = YES;
				GCC_C_LANGUAGE_STANDARD = gnu17;
				GCC_DYNAMIC_NO_PIC = NO;
				GCC_NO_COMMON_BLOCKS = YES;
				GCC_OPTIMIZATION_LEVEL = 0;
				GCC_PREPROCESSOR_DEFINITIONS = (
					"DEBUG=1",
					"$(inherited)",
				);
				GCC_WARN_64_TO_32_BIT_CONVERSION = YES;
				GCC_WARN_ABOUT_RETURN_TYPE = YES_ERROR;
				GCC_WARN_UNDECLARED_SELECTOR = YES;
				GCC_WARN_UNINITIALIZED_AUTOS = YES_AGGRESSIVE;
				GCC_WARN_UNUSED_FUNCTION = YES;
				GCC_WARN_UNUSED_VARIABLE = YES;
				IPHONEOS_DEPLOYMENT_TARGET = 18.4;
				LOCALIZATION_PREFERS_STRING_CATALOGS = YES;
				MTL_ENABLE_DEBUG_INFO = INCLUDE_SOURCE;
				MTL_FAST_MATH = YES;
				ONLY_ACTIVE_ARCH = YES;
				SDKROOT = iphoneos;
				SWIFT_ACTIVE_COMPILATION_CONDITIONS = "DEBUG $(inherited)";
				SWIFT_OPTIMIZATION_LEVEL = "-Onone";
			};
			name = Debug;
		};
		D2A167152DBAF91400D0C96A /* Release */ = {
			isa = XCBuildConfiguration;
			buildSettings = {
				ALWAYS_SEARCH_USER_PATHS = NO;
				ASSETCATALOG_COMPILER_GENERATE_SWIFT_ASSET_SYMBOL_EXTENSIONS = YES;
				CLANG_ANALYZER_NONNULL = YES;
				CLANG_ANALYZER_NUMBER_OBJECT_CONVERSION = YES_AGGRESSIVE;
				CLANG_CXX_LANGUAGE_STANDARD = "gnu++20";
				CLANG_ENABLE_MODULES = YES;
				CLANG_ENABLE_OBJC_ARC = YES;
				CLANG_ENABLE_OBJC_WEAK = YES;
				CLANG_WARN_BLOCK_CAPTURE_AUTORELEASING = YES;
				CLANG_WARN_BOOL_CONVERSION = YES;
				CLANG_WARN_COMMA = YES;
				CLANG_WARN_CONSTANT_CONVERSION = YES;
				CLANG_WARN_DEPRECATED_OBJC_IMPLEMENTATIONS = YES;
				CLANG_WARN_DIRECT_OBJC_ISA_USAGE = YES_ERROR;
				CLANG_WARN_DOCUMENTATION_COMMENTS = YES;
				CLANG_WARN_EMPTY_BODY = YES;
				CLANG_WARN_ENUM_CONVERSION = YES;
				CLANG_WARN_INFINITE_RECURSION = YES;
				CLANG_WARN_INT_CONVERSION = YES;
				CLANG_WARN_NON_LITERAL_NULL_CONVERSION = YES;
				CLANG_WARN_OBJC_IMPLICIT_RETAIN_SELF = YES;
				CLANG_WARN_OBJC_LITERAL_CONVERSION = YES;
				CLANG_WARN_OBJC_ROOT_CLASS = YES_ERROR;
				CLANG_WARN_QUOTED_INCLUDE_IN_FRAMEWORK_HEADER = YES;
				CLANG_WARN_RANGE_LOOP_ANALYSIS = YES;
				CLANG_WARN_STRICT_PROTOTYPES = YES;
				CLANG_WARN_SUSPICIOUS_MOVE = YES;
				CLANG_WARN_UNGUARDED_AVAILABILITY = YES_AGGRESSIVE;
				CLANG_WARN_UNREACHABLE_CODE = YES;
				CLANG_WARN__DUPLICATE_METHOD_MATCH = YES;
				COPY_PHASE_STRIP = NO;
				DEBUG_INFORMATION_FORMAT = "dwarf-with-dsym";
				DEVELOPMENT_TEAM = 5Y5WLA6579;
				ENABLE_NS_ASSERTIONS = NO;
				ENABLE_STRICT_OBJC_MSGSEND = YES;
				ENABLE_USER_SCRIPT_SANDBOXING = YES;
				GCC_C_LANGUAGE_STANDARD = gnu17;
				GCC_NO_COMMON_BLOCKS = YES;
				GCC_WARN_64_TO_32_BIT_CONVERSION = YES;
				GCC_WARN_ABOUT_RETURN_TYPE = YES_ERROR;
				GCC_WARN_UNDECLARED_SELECTOR = YES;
				GCC_WARN_UNINITIALIZED_AUTOS = YES_AGGRESSIVE;
				GCC_WARN_UNUSED_FUNCTION = YES;
				GCC_WARN_UNUSED_VARIABLE = YES;
				IPHONEOS_DEPLOYMENT_TARGET = 18.4;
				LOCALIZATION_PREFERS_STRING_CATALOGS = YES;
				MTL_ENABLE_DEBUG_INFO = NO;
				MTL_FAST_MATH = YES;
				SDKROOT = iphoneos;
				SWIFT_COMPILATION_MODE = wholemodule;
				VALIDATE_PRODUCT = YES;
			};
			name = Release;
		};
		D2A167172DBAF91400D0C96A /* Debug */ = {
			isa = XCBuildConfiguration;
			buildSettings = {
				ASSETCATALOG_COMPILER_APPICON_NAME = AppIcon;
				ASSETCATALOG_COMPILER_GLOBAL_ACCENT_COLOR_NAME = AccentColor;
				CODE_SIGN_STYLE = Automatic;
				CURRENT_PROJECT_VERSION = 1;
				DEVELOPMENT_TEAM = 5Y5WLA6579;
				ENABLE_PREVIEWS = YES;
				GENERATE_INFOPLIST_FILE = YES;
				INFOPLIST_KEY_UIApplicationSceneManifest_Generation = YES;
				INFOPLIST_KEY_UIApplicationSupportsIndirectInputEvents = YES;
				INFOPLIST_KEY_UILaunchScreen_Generation = YES;
				INFOPLIST_KEY_UIRequiresFullScreen = YES;
				INFOPLIST_KEY_UISupportedInterfaceOrientations = "UIInterfaceOrientationLandscapeLeft UIInterfaceOrientationLandscapeRight";
				IPHONEOS_DEPLOYMENT_TARGET = 17.6;
				LD_RUNPATH_SEARCH_PATHS = (
					"$(inherited)",
					"@executable_path/Frameworks",
				);
				MARKETING_VERSION = 1.0;
				PRODUCT_BUNDLE_IDENTIFIER = "scott.Shut-The-Box";
				PRODUCT_NAME = "$(TARGET_NAME)";
				SWIFT_EMIT_LOC_STRINGS = YES;
				SWIFT_VERSION = 5.0;
				TARGETED_DEVICE_FAMILY = "1,2";
			};
			name = Debug;
		};
		D2A167182DBAF91400D0C96A /* Release */ = {
			isa = XCBuildConfiguration;
			buildSettings = {
				ASSETCATALOG_COMPILER_APPICON_NAME = AppIcon;
				ASSETCATALOG_COMPILER_GLOBAL_ACCENT_COLOR_NAME = AccentColor;
				CODE_SIGN_STYLE = Automatic;
				CURRENT_PROJECT_VERSION = 1;
				DEVELOPMENT_TEAM = 5Y5WLA6579;
				ENABLE_PREVIEWS = YES;
				GENERATE_INFOPLIST_FILE = YES;
				INFOPLIST_KEY_UIApplicationSceneManifest_Generation = YES;
				INFOPLIST_KEY_UIApplicationSupportsIndirectInputEvents = YES;
				INFOPLIST_KEY_UILaunchScreen_Generation = YES;
				INFOPLIST_KEY_UIRequiresFullScreen = YES;
				INFOPLIST_KEY_UISupportedInterfaceOrientations = "UIInterfaceOrientationLandscapeLeft UIInterfaceOrientationLandscapeRight";
				IPHONEOS_DEPLOYMENT_TARGET = 17.6;
				LD_RUNPATH_SEARCH_PATHS = (
					"$(inherited)",
					"@executable_path/Frameworks",
				);
				MARKETING_VERSION = 1.0;
				PRODUCT_BUNDLE_IDENTIFIER = "scott.Shut-The-Box";
				PRODUCT_NAME = "$(TARGET_NAME)";
				SWIFT_EMIT_LOC_STRINGS = YES;
				SWIFT_VERSION = 5.0;
				TARGETED_DEVICE_FAMILY = "1,2";
			};
			name = Release;
		};
		D2A1671A2DBAF91400D0C96A /* Debug */ = {
			isa = XCBuildConfiguration;
			buildSettings = {
				BUNDLE_LOADER = "$(TEST_HOST)";
				CODE_SIGN_STYLE = Automatic;
				CURRENT_PROJECT_VERSION = 1;
				DEVELOPMENT_TEAM = 5Y5WLA6579;
				GENERATE_INFOPLIST_FILE = YES;
				IPHONEOS_DEPLOYMENT_TARGET = 17.6;
				MARKETING_VERSION = 1.0;
				PRODUCT_BUNDLE_IDENTIFIER = "scott.Shut-The-BoxTests";
				PRODUCT_NAME = "$(TARGET_NAME)";
				SWIFT_EMIT_LOC_STRINGS = NO;
				SWIFT_VERSION = 5.0;
				TARGETED_DEVICE_FAMILY = "1,2";
				TEST_HOST = "$(BUILT_PRODUCTS_DIR)/Shut The Box.app/$(BUNDLE_EXECUTABLE_FOLDER_PATH)/Shut The Box";
			};
			name = Debug;
		};
		D2A1671B2DBAF91400D0C96A /* Release */ = {
			isa = XCBuildConfiguration;
			buildSettings = {
				BUNDLE_LOADER = "$(TEST_HOST)";
				CODE_SIGN_STYLE = Automatic;
				CURRENT_PROJECT_VERSION = 1;
				DEVELOPMENT_TEAM = 5Y5WLA6579;
				GENERATE_INFOPLIST_FILE = YES;
				IPHONEOS_DEPLOYMENT_TARGET = 17.6;
				MARKETING_VERSION = 1.0;
				PRODUCT_BUNDLE_IDENTIFIER = "scott.Shut-The-BoxTests";
				PRODUCT_NAME = "$(TARGET_NAME)";
				SWIFT_EMIT_LOC_STRINGS = NO;
				SWIFT_VERSION = 5.0;
				TARGETED_DEVICE_FAMILY = "1,2";
				TEST_HOST = "$(BUILT_PRODUCTS_DIR)/Shut The Box.app/$(BUNDLE_EXECUTABLE_FOLDER_PATH)/Shut The Box";
			};
			name = Release;
		};
		D2A1671D2DBAF91400D0C96A /* Debug */ = {
			isa = XCBuildConfiguration;
			buildSettings = {
				CODE_SIGN_STYLE = Automatic;
				CURRENT_PROJECT_VERSION = 1;
				DEVELOPMENT_TEAM = 5Y5WLA6579;
				GENERATE_INFOPLIST_FILE = YES;
				IPHONEOS_DEPLOYMENT_TARGET = 17.6;
				MARKETING_VERSION = 1.0;
				PRODUCT_BUNDLE_IDENTIFIER = "scott.Shut-The-BoxUITests";
				PRODUCT_NAME = "$(TARGET_NAME)";
				SWIFT_EMIT_LOC_STRINGS = NO;
				SWIFT_VERSION = 5.0;
				TARGETED_DEVICE_FAMILY = "1,2";
				TEST_TARGET_NAME = "Shut The Box";
			};
			name = Debug;
		};
		D2A1671E2DBAF91400D0C96A /* Release */ = {
			isa = XCBuildConfiguration;
			buildSettings = {
				CODE_SIGN_STYLE = Automatic;
				CURRENT_PROJECT_VERSION = 1;
				DEVELOPMENT_TEAM = 5Y5WLA6579;
				GENERATE_INFOPLIST_FILE = YES;
				IPHONEOS_DEPLOYMENT_TARGET = 17.6;
				MARKETING_VERSION = 1.0;
				PRODUCT_BUNDLE_IDENTIFIER = "scott.Shut-The-BoxUITests";
				PRODUCT_NAME = "$(TARGET_NAME)";
				SWIFT_EMIT_LOC_STRINGS = NO;
				SWIFT_VERSION = 5.0;
				TARGETED_DEVICE_FAMILY = "1,2";
				TEST_TARGET_NAME = "Shut The Box";
			};
			name = Release;
		};
/* End XCBuildConfiguration section */

/* Begin XCConfigurationList section */
		D2A166F02DBAF90600D0C96A /* Build configuration list for PBXProject "Shut The Box" */ = {
			isa = XCConfigurationList;
			buildConfigurations = (
				D2A167142DBAF91400D0C96A /* Debug */,
				D2A167152DBAF91400D0C96A /* Release */,
			);
			defaultConfigurationIsVisible = 0;
			defaultConfigurationName = Release;
		};
		D2A167162DBAF91400D0C96A /* Build configuration list for PBXNativeTarget "Shut The Box" */ = {
			isa = XCConfigurationList;
			buildConfigurations = (
				D2A167172DBAF91400D0C96A /* Debug */,
				D2A167182DBAF91400D0C96A /* Release */,
			);
			defaultConfigurationIsVisible = 0;
			defaultConfigurationName = Release;
		};
		D2A167192DBAF91400D0C96A /* Build configuration list for PBXNativeTarget "Shut The BoxTests" */ = {
			isa = XCConfigurationList;
			buildConfigurations = (
				D2A1671A2DBAF91400D0C96A /* Debug */,
				D2A1671B2DBAF91400D0C96A /* Release */,
			);
			defaultConfigurationIsVisible = 0;
			defaultConfigurationName = Release;
		};
		D2A1671C2DBAF91400D0C96A /* Build configuration list for PBXNativeTarget "Shut The BoxUITests" */ = {
			isa = XCConfigurationList;
			buildConfigurations = (
				D2A1671D2DBAF91400D0C96A /* Debug */,
				D2A1671E2DBAF91400D0C96A /* Release */,
			);
			defaultConfigurationIsVisible = 0;
			defaultConfigurationName = Release;
		};
/* End XCConfigurationList section */
	};
	rootObject = D2A166ED2DBAF90600D0C96A /* Project object */;
}
